
Microsoft Visual Studio Solution File, Format Version 12.00
# Visual Studio Version 17
VisualStudioVersion = 17.13.35919.96 d17.13
MinimumVisualStudioVersion = 10.0.40219.1
Project("{FAE04EC0-301F-11D3-BF4B-00C04F79EFBC}") = "KGA_OOPConsoleProject", "KGA_OOPConsoleProject\KGA_OOPConsoleProject.csproj", "{4E8CBF5E-C1C5-4035-905D-D9AC6166906C}"
EndProject
Global
	GlobalSection(SolutionConfigurationPlatforms) = preSolution
		Debug|Any CPU = Debug|Any CPU
		Release|Any CPU = Release|Any CPU
	EndGlobalSection
	GlobalSection(ProjectConfigurationPlatforms) = postSolution
		{4E8CBF5E-C1C5-4035-905D-D9AC6166906C}.Debug|Any CPU.ActiveCfg = Debug|Any CPU
		{4E8CBF5E-C1C5-4035-905D-D9AC6166906C}.Debug|Any CPU.Build.0 = Debug|Any CPU
		{4E8CBF5E-C1C5-4035-905D-D9AC6166906C}.Release|Any CPU.ActiveCfg = Release|Any CPU
		{4E8CBF5E-C1C5-4035-905D-D9AC6166906C}.Release|Any CPU.Build.0 = Release|Any CPU
	EndGlobalSection
	GlobalSection(SolutionProperties) = preSolution
		HideSolutionNode = FALSE
	EndGlobalSection
	GlobalSection(ExtensibilityGlobals) = postSolution
		SolutionGuid = {C005C7B9-CA53-4EB6-87B2-E72680AA494C}
	EndGlobalSection
EndGlobal
